// !$*UTF8*$!
{
	archiveVersion = 1;
	classes = {
	};
	objectVersion = 51;
	objects = {

/* Begin PBXBuildFile section */
		08F67E1F8883FE431F3BC4CF /* Pods_TFS_Chat.framework in Frameworks */ = {isa = PBXBuildFile; fileRef = B8696A7B7B1108A5370D61FA /* Pods_TFS_Chat.framework */; };
		5926DF192430B753006D5401 /* ChannelViewCell.swift in Sources */ = {isa = PBXBuildFile; fileRef = 5926DF182430B753006D5401 /* ChannelViewCell.swift */; };
		59529643241D017300C4B0C2 /* CellModels.swift in Sources */ = {isa = PBXBuildFile; fileRef = 59529642241D017300C4B0C2 /* CellModels.swift */; };
		5953BB422426658B003CEF6A /* ProfileData.swift in Sources */ = {isa = PBXBuildFile; fileRef = 5953BB412426658B003CEF6A /* ProfileData.swift */; };
		5953BB4824268636003CEF6A /* SpinnerUtils.swift in Sources */ = {isa = PBXBuildFile; fileRef = 5953BB4724268636003CEF6A /* SpinnerUtils.swift */; };
		5953BB4A242689D9003CEF6A /* launchscreen.png in Resources */ = {isa = PBXBuildFile; fileRef = 5953BB49242689D9003CEF6A /* launchscreen.png */; };
		5953BB4C24268C87003CEF6A /* GCDDataManager.swift in Sources */ = {isa = PBXBuildFile; fileRef = 5953BB4B24268C87003CEF6A /* GCDDataManager.swift */; };
		5953BB4E24268CAA003CEF6A /* ProfileDataManager.swift in Sources */ = {isa = PBXBuildFile; fileRef = 5953BB4D24268CAA003CEF6A /* ProfileDataManager.swift */; };
		5953BB5024269105003CEF6A /* OperationDataManager.swift in Sources */ = {isa = PBXBuildFile; fileRef = 5953BB4F24269105003CEF6A /* OperationDataManager.swift */; };
		597DD5CC242FBBCD005D97C9 /* GoogleService-Info.plist in Resources */ = {isa = PBXBuildFile; fileRef = 597DD5CB242FBBCD005D97C9 /* GoogleService-Info.plist */; };
		597FA273240BF17700F0103F /* ConversationViewCell.swift in Sources */ = {isa = PBXBuildFile; fileRef = 597FA272240BF17700F0103F /* ConversationViewCell.swift */; };
		597FBF8323FB214800314FF2 /* AppDelegate.swift in Sources */ = {isa = PBXBuildFile; fileRef = 597FBF8223FB214800314FF2 /* AppDelegate.swift */; };
		597FBF8523FB214800314FF2 /* SceneDelegate.swift in Sources */ = {isa = PBXBuildFile; fileRef = 597FBF8423FB214800314FF2 /* SceneDelegate.swift */; };
		597FBF8723FB214800314FF2 /* ChannelsListViewController.swift in Sources */ = {isa = PBXBuildFile; fileRef = 597FBF8623FB214800314FF2 /* ChannelsListViewController.swift */; };
		597FBF8A23FB214900314FF2 /* Main.storyboard in Resources */ = {isa = PBXBuildFile; fileRef = 597FBF8823FB214900314FF2 /* Main.storyboard */; };
		597FBF8F23FB214D00314FF2 /* LaunchScreen.storyboard in Resources */ = {isa = PBXBuildFile; fileRef = 597FBF8D23FB214D00314FF2 /* LaunchScreen.storyboard */; };
		597FBF9D23FB283100314FF2 /* Assets.xcassets in Resources */ = {isa = PBXBuildFile; fileRef = 597FBF9C23FB283100314FF2 /* Assets.xcassets */; };
		59AE9D71240DA9A000251278 /* ConversationViewController.swift in Sources */ = {isa = PBXBuildFile; fileRef = 59AE9D70240DA9A000251278 /* ConversationViewController.swift */; };
		59B7069323FF24DC00E510FE /* ProfileViewController.swift in Sources */ = {isa = PBXBuildFile; fileRef = 59B7069223FF24DC00E510FE /* ProfileViewController.swift */; };
		6A2660B4241B7A2100415915 /* MessageViewCell.swift in Sources */ = {isa = PBXBuildFile; fileRef = 6A2660B3241B7A2100415915 /* MessageViewCell.swift */; };
		6A3C725C23FFBB590086DD89 /* placeholder-user.png in Resources */ = {isa = PBXBuildFile; fileRef = 6A3C725A23FFBB580086DD89 /* placeholder-user.png */; };
		6A3C725D23FFBB590086DD89 /* slr-camera-2-xxl.png in Resources */ = {isa = PBXBuildFile; fileRef = 6A3C725B23FFBB590086DD89 /* slr-camera-2-xxl.png */; };
/* End PBXBuildFile section */

/* Begin PBXFileReference section */
		57254AB94CC39E7FAA7F71FA /* Pods-TFS Chat.debug.xcconfig */ = {isa = PBXFileReference; includeInIndex = 1; lastKnownFileType = text.xcconfig; name = "Pods-TFS Chat.debug.xcconfig"; path = "Target Support Files/Pods-TFS Chat/Pods-TFS Chat.debug.xcconfig"; sourceTree = "<group>"; };
		5926DF182430B753006D5401 /* ChannelViewCell.swift */ = {isa = PBXFileReference; lastKnownFileType = sourcecode.swift; path = ChannelViewCell.swift; sourceTree = "<group>"; };
		59529642241D017300C4B0C2 /* CellModels.swift */ = {isa = PBXFileReference; lastKnownFileType = sourcecode.swift; path = CellModels.swift; sourceTree = "<group>"; };
		5953BB412426658B003CEF6A /* ProfileData.swift */ = {isa = PBXFileReference; lastKnownFileType = sourcecode.swift; path = ProfileData.swift; sourceTree = "<group>"; };
		5953BB4724268636003CEF6A /* SpinnerUtils.swift */ = {isa = PBXFileReference; lastKnownFileType = sourcecode.swift; path = SpinnerUtils.swift; sourceTree = "<group>"; };
		5953BB49242689D9003CEF6A /* launchscreen.png */ = {isa = PBXFileReference; lastKnownFileType = image.png; name = launchscreen.png; path = Assets.xcassets/launchscreen.png; sourceTree = "<group>"; };
		5953BB4B24268C87003CEF6A /* GCDDataManager.swift */ = {isa = PBXFileReference; lastKnownFileType = sourcecode.swift; path = GCDDataManager.swift; sourceTree = "<group>"; };
		5953BB4D24268CAA003CEF6A /* ProfileDataManager.swift */ = {isa = PBXFileReference; lastKnownFileType = sourcecode.swift; path = ProfileDataManager.swift; sourceTree = "<group>"; };
		5953BB4F24269105003CEF6A /* OperationDataManager.swift */ = {isa = PBXFileReference; lastKnownFileType = sourcecode.swift; path = OperationDataManager.swift; sourceTree = "<group>"; };
		597DD5CB242FBBCD005D97C9 /* GoogleService-Info.plist */ = {isa = PBXFileReference; fileEncoding = 4; lastKnownFileType = text.plist.xml; path = "GoogleService-Info.plist"; sourceTree = "<group>"; };
		597FA272240BF17700F0103F /* ConversationViewCell.swift */ = {isa = PBXFileReference; lastKnownFileType = sourcecode.swift; path = ConversationViewCell.swift; sourceTree = "<group>"; };
		597FBF7F23FB214800314FF2 /* Tinkoff Chat.app */ = {isa = PBXFileReference; explicitFileType = wrapper.application; includeInIndex = 0; path = "Tinkoff Chat.app"; sourceTree = BUILT_PRODUCTS_DIR; };
		597FBF8223FB214800314FF2 /* AppDelegate.swift */ = {isa = PBXFileReference; lastKnownFileType = sourcecode.swift; path = AppDelegate.swift; sourceTree = "<group>"; };
		597FBF8423FB214800314FF2 /* SceneDelegate.swift */ = {isa = PBXFileReference; lastKnownFileType = sourcecode.swift; path = SceneDelegate.swift; sourceTree = "<group>"; };
		597FBF8623FB214800314FF2 /* ChannelsListViewController.swift */ = {isa = PBXFileReference; lastKnownFileType = sourcecode.swift; path = ChannelsListViewController.swift; sourceTree = "<group>"; };
		597FBF8923FB214900314FF2 /* Base */ = {isa = PBXFileReference; lastKnownFileType = file.storyboard; name = Base; path = Base.lproj/Main.storyboard; sourceTree = "<group>"; };
		597FBF8E23FB214D00314FF2 /* Base */ = {isa = PBXFileReference; lastKnownFileType = file.storyboard; name = Base; path = Base.lproj/LaunchScreen.storyboard; sourceTree = "<group>"; };
		597FBF9023FB214D00314FF2 /* Info.plist */ = {isa = PBXFileReference; lastKnownFileType = text.plist.xml; path = Info.plist; sourceTree = "<group>"; };
		597FBF9C23FB283100314FF2 /* Assets.xcassets */ = {isa = PBXFileReference; lastKnownFileType = folder.assetcatalog; path = Assets.xcassets; sourceTree = "<group>"; };
		597FBF9E23FB316900314FF2 /* Debug.xcconfig */ = {isa = PBXFileReference; lastKnownFileType = text.xcconfig; path = Debug.xcconfig; sourceTree = "<group>"; };
		597FBFA023FB32F500314FF2 /* Release.xcconfig */ = {isa = PBXFileReference; lastKnownFileType = text.xcconfig; path = Release.xcconfig; sourceTree = "<group>"; };
		59AE9D70240DA9A000251278 /* ConversationViewController.swift */ = {isa = PBXFileReference; lastKnownFileType = sourcecode.swift; path = ConversationViewController.swift; sourceTree = "<group>"; };
		59B7069223FF24DC00E510FE /* ProfileViewController.swift */ = {isa = PBXFileReference; lastKnownFileType = sourcecode.swift; path = ProfileViewController.swift; sourceTree = "<group>"; };
		6A2660B3241B7A2100415915 /* MessageViewCell.swift */ = {isa = PBXFileReference; lastKnownFileType = sourcecode.swift; path = MessageViewCell.swift; sourceTree = "<group>"; };
		6A3C725A23FFBB580086DD89 /* placeholder-user.png */ = {isa = PBXFileReference; lastKnownFileType = image.png; name = "placeholder-user.png"; path = "Assets.xcassets/placeholder-user.png"; sourceTree = "<group>"; };
		6A3C725B23FFBB590086DD89 /* slr-camera-2-xxl.png */ = {isa = PBXFileReference; lastKnownFileType = image.png; name = "slr-camera-2-xxl.png"; path = "Assets.xcassets/slr-camera-2-xxl.png"; sourceTree = "<group>"; };
		B8696A7B7B1108A5370D61FA /* Pods_TFS_Chat.framework */ = {isa = PBXFileReference; explicitFileType = wrapper.framework; includeInIndex = 0; path = Pods_TFS_Chat.framework; sourceTree = BUILT_PRODUCTS_DIR; };
		C8F190343BBD88A1907AA879 /* Pods-TFS Chat.release.xcconfig */ = {isa = PBXFileReference; includeInIndex = 1; lastKnownFileType = text.xcconfig; name = "Pods-TFS Chat.release.xcconfig"; path = "Target Support Files/Pods-TFS Chat/Pods-TFS Chat.release.xcconfig"; sourceTree = "<group>"; };
/* End PBXFileReference section */

/* Begin PBXFrameworksBuildPhase section */
		597FBF7C23FB214800314FF2 /* Frameworks */ = {
			isa = PBXFrameworksBuildPhase;
			buildActionMask = 2147483647;
			files = (
				08F67E1F8883FE431F3BC4CF /* Pods_TFS_Chat.framework in Frameworks */,
			);
			runOnlyForDeploymentPostprocessing = 0;
		};
/* End PBXFrameworksBuildPhase section */

/* Begin PBXGroup section */
		31B6809194299B48753FC632 /* Frameworks */ = {
			isa = PBXGroup;
			children = (
				B8696A7B7B1108A5370D61FA /* Pods_TFS_Chat.framework */,
			);
			name = Frameworks;
			sourceTree = "<group>";
		};
		5953BB432426659D003CEF6A /* Profile */ = {
			isa = PBXGroup;
			children = (
				59B7069223FF24DC00E510FE /* ProfileViewController.swift */,
				5953BB412426658B003CEF6A /* ProfileData.swift */,
				5953BB4724268636003CEF6A /* SpinnerUtils.swift */,
				5953BB4B24268C87003CEF6A /* GCDDataManager.swift */,
				5953BB4D24268CAA003CEF6A /* ProfileDataManager.swift */,
				5953BB4F24269105003CEF6A /* OperationDataManager.swift */,
			);
			path = Profile;
			sourceTree = "<group>";
		};
		597FBF7623FB214800314FF2 = {
			isa = PBXGroup;
			children = (
				5953BB49242689D9003CEF6A /* launchscreen.png */,
				597FBF9E23FB316900314FF2 /* Debug.xcconfig */,
				597FBFA023FB32F500314FF2 /* Release.xcconfig */,
				597FBF9C23FB283100314FF2 /* Assets.xcassets */,
				6A3C725A23FFBB580086DD89 /* placeholder-user.png */,
				6A3C725B23FFBB590086DD89 /* slr-camera-2-xxl.png */,
				597FBF8123FB214800314FF2 /* TFS Chat */,
				597FBF8023FB214800314FF2 /* Products */,
				FDF018B3FBA69DFCE7F347C5 /* Pods */,
				31B6809194299B48753FC632 /* Frameworks */,
			);
			sourceTree = "<group>";
		};
		597FBF8023FB214800314FF2 /* Products */ = {
			isa = PBXGroup;
			children = (
				597FBF7F23FB214800314FF2 /* Tinkoff Chat.app */,
			);
			name = Products;
			sourceTree = "<group>";
		};
		597FBF8123FB214800314FF2 /* TFS Chat */ = {
			isa = PBXGroup;
			children = (
				597DD5CB242FBBCD005D97C9 /* GoogleService-Info.plist */,
				5953BB432426659D003CEF6A /* Profile */,
				597FBF8223FB214800314FF2 /* AppDelegate.swift */,
				597FBF8423FB214800314FF2 /* SceneDelegate.swift */,
				597FBF8623FB214800314FF2 /* ChannelsListViewController.swift */,
				597FBF8823FB214900314FF2 /* Main.storyboard */,
				59AE9D70240DA9A000251278 /* ConversationViewController.swift */,
				597FA272240BF17700F0103F /* ConversationViewCell.swift */,
				5926DF182430B753006D5401 /* ChannelViewCell.swift */,
				6A2660B3241B7A2100415915 /* MessageViewCell.swift */,
				59529642241D017300C4B0C2 /* CellModels.swift */,
				597FBF8D23FB214D00314FF2 /* LaunchScreen.storyboard */,
				597FBF9023FB214D00314FF2 /* Info.plist */,
			);
			path = "TFS Chat";
			sourceTree = "<group>";
		};
		FDF018B3FBA69DFCE7F347C5 /* Pods */ = {
			isa = PBXGroup;
			children = (
				57254AB94CC39E7FAA7F71FA /* Pods-TFS Chat.debug.xcconfig */,
				C8F190343BBD88A1907AA879 /* Pods-TFS Chat.release.xcconfig */,
			);
			path = Pods;
			sourceTree = "<group>";
		};
/* End PBXGroup section */

/* Begin PBXNativeTarget section */
		597FBF7E23FB214800314FF2 /* TFS Chat */ = {
			isa = PBXNativeTarget;
			buildConfigurationList = 597FBF9323FB214D00314FF2 /* Build configuration list for PBXNativeTarget "TFS Chat" */;
			buildPhases = (
				0763736FCAA83BC360C675F8 /* [CP] Check Pods Manifest.lock */,
				597FBF7B23FB214800314FF2 /* Sources */,
				597FBF7C23FB214800314FF2 /* Frameworks */,
				597FBF7D23FB214800314FF2 /* Resources */,
				B155AE985A83A36DC5340A68 /* [CP] Embed Pods Frameworks */,
			);
			buildRules = (
			);
			dependencies = (
			);
			name = "TFS Chat";
			productName = "TFS PROJECT";
			productReference = 597FBF7F23FB214800314FF2 /* Tinkoff Chat.app */;
			productType = "com.apple.product-type.application";
		};
/* End PBXNativeTarget section */

/* Begin PBXProject section */
		597FBF7723FB214800314FF2 /* Project object */ = {
			isa = PBXProject;
			attributes = {
				LastSwiftUpdateCheck = 1130;
				LastUpgradeCheck = 1140;
				ORGANIZATIONNAME = VK;
				TargetAttributes = {
					597FBF7E23FB214800314FF2 = {
						CreatedOnToolsVersion = 11.3.1;
					};
				};
			};
			buildConfigurationList = 597FBF7A23FB214800314FF2 /* Build configuration list for PBXProject "TFS Chat" */;
			compatibilityVersion = "Xcode 9.3";
			developmentRegion = en;
			hasScannedForEncodings = 0;
			knownRegions = (
				en,
				Base,
			);
			mainGroup = 597FBF7623FB214800314FF2;
			productRefGroup = 597FBF8023FB214800314FF2 /* Products */;
			projectDirPath = "";
			projectRoot = "";
			targets = (
				597FBF7E23FB214800314FF2 /* TFS Chat */,
			);
		};
/* End PBXProject section */

/* Begin PBXResourcesBuildPhase section */
		597FBF7D23FB214800314FF2 /* Resources */ = {
			isa = PBXResourcesBuildPhase;
			buildActionMask = 2147483647;
			files = (
				597FBF8F23FB214D00314FF2 /* LaunchScreen.storyboard in Resources */,
				6A3C725D23FFBB590086DD89 /* slr-camera-2-xxl.png in Resources */,
				597FBF9D23FB283100314FF2 /* Assets.xcassets in Resources */,
				5953BB4A242689D9003CEF6A /* launchscreen.png in Resources */,
				6A3C725C23FFBB590086DD89 /* placeholder-user.png in Resources */,
				597FBF8A23FB214900314FF2 /* Main.storyboard in Resources */,
				597DD5CC242FBBCD005D97C9 /* GoogleService-Info.plist in Resources */,
			);
			runOnlyForDeploymentPostprocessing = 0;
		};
/* End PBXResourcesBuildPhase section */

/* Begin PBXShellScriptBuildPhase section */
		0763736FCAA83BC360C675F8 /* [CP] Check Pods Manifest.lock */ = {
			isa = PBXShellScriptBuildPhase;
			buildActionMask = 2147483647;
			files = (
			);
			inputFileListPaths = (
			);
			inputPaths = (
				"${PODS_PODFILE_DIR_PATH}/Podfile.lock",
				"${PODS_ROOT}/Manifest.lock",
			);
			name = "[CP] Check Pods Manifest.lock";
			outputFileListPaths = (
			);
			outputPaths = (
				"$(DERIVED_FILE_DIR)/Pods-TFS Chat-checkManifestLockResult.txt",
			);
			runOnlyForDeploymentPostprocessing = 0;
			shellPath = /bin/sh;
			shellScript = "diff \"${PODS_PODFILE_DIR_PATH}/Podfile.lock\" \"${PODS_ROOT}/Manifest.lock\" > /dev/null\nif [ $? != 0 ] ; then\n    # print error to STDERR\n    echo \"error: The sandbox is not in sync with the Podfile.lock. Run 'pod install' or update your CocoaPods installation.\" >&2\n    exit 1\nfi\n# This output is used by Xcode 'outputs' to avoid re-running this script phase.\necho \"SUCCESS\" > \"${SCRIPT_OUTPUT_FILE_0}\"\n";
			showEnvVarsInLog = 0;
		};
		B155AE985A83A36DC5340A68 /* [CP] Embed Pods Frameworks */ = {
			isa = PBXShellScriptBuildPhase;
			buildActionMask = 2147483647;
			files = (
			);
			inputFileListPaths = (
				"${PODS_ROOT}/Target Support Files/Pods-TFS Chat/Pods-TFS Chat-frameworks-${CONFIGURATION}-input-files.xcfilelist",
			);
			name = "[CP] Embed Pods Frameworks";
			outputFileListPaths = (
				"${PODS_ROOT}/Target Support Files/Pods-TFS Chat/Pods-TFS Chat-frameworks-${CONFIGURATION}-output-files.xcfilelist",
			);
			runOnlyForDeploymentPostprocessing = 0;
			shellPath = /bin/sh;
			shellScript = "\"${PODS_ROOT}/Target Support Files/Pods-TFS Chat/Pods-TFS Chat-frameworks.sh\"\n";
			showEnvVarsInLog = 0;
		};
/* End PBXShellScriptBuildPhase section */

/* Begin PBXSourcesBuildPhase section */
		597FBF7B23FB214800314FF2 /* Sources */ = {
			isa = PBXSourcesBuildPhase;
			buildActionMask = 2147483647;
			files = (
				5926DF192430B753006D5401 /* ChannelViewCell.swift in Sources */,
				597FBF8723FB214800314FF2 /* ChannelsListViewController.swift in Sources */,
				5953BB5024269105003CEF6A /* OperationDataManager.swift in Sources */,
				597FBF8323FB214800314FF2 /* AppDelegate.swift in Sources */,
				5953BB422426658B003CEF6A /* ProfileData.swift in Sources */,
				59AE9D71240DA9A000251278 /* ConversationViewController.swift in Sources */,
				59B7069323FF24DC00E510FE /* ProfileViewController.swift in Sources */,
				5953BB4E24268CAA003CEF6A /* ProfileDataManager.swift in Sources */,
				597FA273240BF17700F0103F /* ConversationViewCell.swift in Sources */,
				59529643241D017300C4B0C2 /* CellModels.swift in Sources */,
				5953BB4824268636003CEF6A /* SpinnerUtils.swift in Sources */,
				5953BB4C24268C87003CEF6A /* GCDDataManager.swift in Sources */,
				597FBF8523FB214800314FF2 /* SceneDelegate.swift in Sources */,
				6A2660B4241B7A2100415915 /* MessageViewCell.swift in Sources */,
			);
			runOnlyForDeploymentPostprocessing = 0;
		};
/* End PBXSourcesBuildPhase section */

/* Begin PBXVariantGroup section */
		597FBF8823FB214900314FF2 /* Main.storyboard */ = {
			isa = PBXVariantGroup;
			children = (
				597FBF8923FB214900314FF2 /* Base */,
			);
			name = Main.storyboard;
			sourceTree = "<group>";
		};
		597FBF8D23FB214D00314FF2 /* LaunchScreen.storyboard */ = {
			isa = PBXVariantGroup;
			children = (
				597FBF8E23FB214D00314FF2 /* Base */,
			);
			name = LaunchScreen.storyboard;
			sourceTree = "<group>";
		};
/* End PBXVariantGroup section */

/* Begin XCBuildConfiguration section */
		597FBF9123FB214D00314FF2 /* Debug */ = {
			isa = XCBuildConfiguration;
			baseConfigurationReference = 597FBF9E23FB316900314FF2 /* Debug.xcconfig */;
			buildSettings = {
				ALWAYS_SEARCH_USER_PATHS = NO;
				ASSETCATALOG_COMPILER_APPICON_NAME = AppIconDebug;
				CLANG_ANALYZER_NONNULL = YES;
				CLANG_ANALYZER_NUMBER_OBJECT_CONVERSION = YES_AGGRESSIVE;
				CLANG_CXX_LANGUAGE_STANDARD = "gnu++14";
				CLANG_CXX_LIBRARY = "libc++";
				CLANG_ENABLE_MODULES = YES;
				CLANG_ENABLE_OBJC_ARC = YES;
				CLANG_ENABLE_OBJC_WEAK = YES;
				CLANG_WARN_BLOCK_CAPTURE_AUTORELEASING = YES;
				CLANG_WARN_BOOL_CONVERSION = YES;
				CLANG_WARN_COMMA = YES;
				CLANG_WARN_CONSTANT_CONVERSION = YES;
				CLANG_WARN_DEPRECATED_OBJC_IMPLEMENTATIONS = YES;
				CLANG_WARN_DIRECT_OBJC_ISA_USAGE = YES_ERROR;
				CLANG_WARN_DOCUMENTATION_COMMENTS = YES;
				CLANG_WARN_EMPTY_BODY = YES;
				CLANG_WARN_ENUM_CONVERSION = YES;
				CLANG_WARN_INFINITE_RECURSION = YES;
				CLANG_WARN_INT_CONVERSION = YES;
				CLANG_WARN_NON_LITERAL_NULL_CONVERSION = YES;
				CLANG_WARN_OBJC_IMPLICIT_RETAIN_SELF = YES;
				CLANG_WARN_OBJC_LITERAL_CONVERSION = YES;
				CLANG_WARN_OBJC_ROOT_CLASS = YES_ERROR;
				CLANG_WARN_RANGE_LOOP_ANALYSIS = YES;
				CLANG_WARN_STRICT_PROTOTYPES = YES;
				CLANG_WARN_SUSPICIOUS_MOVE = YES;
				CLANG_WARN_UNGUARDED_AVAILABILITY = YES_AGGRESSIVE;
				CLANG_WARN_UNREACHABLE_CODE = YES;
				CLANG_WARN__DUPLICATE_METHOD_MATCH = YES;
				COPY_PHASE_STRIP = NO;
				DEBUG_INFORMATION_FORMAT = dwarf;
				ENABLE_STRICT_OBJC_MSGSEND = YES;
				ENABLE_TESTABILITY = YES;
				GCC_C_LANGUAGE_STANDARD = gnu11;
				GCC_DYNAMIC_NO_PIC = NO;
				GCC_NO_COMMON_BLOCKS = YES;
				GCC_OPTIMIZATION_LEVEL = 0;
				GCC_PREPROCESSOR_DEFINITIONS = (
					"DEBUG=1",
					"$(inherited)",
				);
				GCC_WARN_64_TO_32_BIT_CONVERSION = YES;
				GCC_WARN_ABOUT_RETURN_TYPE = YES_ERROR;
				GCC_WARN_UNDECLARED_SELECTOR = YES;
				GCC_WARN_UNINITIALIZED_AUTOS = YES_AGGRESSIVE;
				GCC_WARN_UNUSED_FUNCTION = YES;
				GCC_WARN_UNUSED_VARIABLE = YES;
				IPHONEOS_DEPLOYMENT_TARGET = 11.0;
				MTL_ENABLE_DEBUG_INFO = INCLUDE_SOURCE;
				MTL_FAST_MATH = YES;
				ONLY_ACTIVE_ARCH = YES;
				SDKROOT = iphoneos;
				SWIFT_ACTIVE_COMPILATION_CONDITIONS = DEBUG;
				SWIFT_OPTIMIZATION_LEVEL = "-Onone";
			};
			name = Debug;
		};
		597FBF9223FB214D00314FF2 /* Release */ = {
			isa = XCBuildConfiguration;
			baseConfigurationReference = 597FBFA023FB32F500314FF2 /* Release.xcconfig */;
			buildSettings = {
				ALWAYS_SEARCH_USER_PATHS = NO;
				ASSETCATALOG_COMPILER_APPICON_NAME = AppIcon;
				CLANG_ANALYZER_NONNULL = YES;
				CLANG_ANALYZER_NUMBER_OBJECT_CONVERSION = YES_AGGRESSIVE;
				CLANG_CXX_LANGUAGE_STANDARD = "gnu++14";
				CLANG_CXX_LIBRARY = "libc++";
				CLANG_ENABLE_MODULES = YES;
				CLANG_ENABLE_OBJC_ARC = YES;
				CLANG_ENABLE_OBJC_WEAK = YES;
				CLANG_WARN_BLOCK_CAPTURE_AUTORELEASING = YES;
				CLANG_WARN_BOOL_CONVERSION = YES;
				CLANG_WARN_COMMA = YES;
				CLANG_WARN_CONSTANT_CONVERSION = YES;
				CLANG_WARN_DEPRECATED_OBJC_IMPLEMENTATIONS = YES;
				CLANG_WARN_DIRECT_OBJC_ISA_USAGE = YES_ERROR;
				CLANG_WARN_DOCUMENTATION_COMMENTS = YES;
				CLANG_WARN_EMPTY_BODY = YES;
				CLANG_WARN_ENUM_CONVERSION = YES;
				CLANG_WARN_INFINITE_RECURSION = YES;
				CLANG_WARN_INT_CONVERSION = YES;
				CLANG_WARN_NON_LITERAL_NULL_CONVERSION = YES;
				CLANG_WARN_OBJC_IMPLICIT_RETAIN_SELF = YES;
				CLANG_WARN_OBJC_LITERAL_CONVERSION = YES;
				CLANG_WARN_OBJC_ROOT_CLASS = YES_ERROR;
				CLANG_WARN_RANGE_LOOP_ANALYSIS = YES;
				CLANG_WARN_STRICT_PROTOTYPES = YES;
				CLANG_WARN_SUSPICIOUS_MOVE = YES;
				CLANG_WARN_UNGUARDED_AVAILABILITY = YES_AGGRESSIVE;
				CLANG_WARN_UNREACHABLE_CODE = YES;
				CLANG_WARN__DUPLICATE_METHOD_MATCH = YES;
				COPY_PHASE_STRIP = NO;
				DEBUG_INFORMATION_FORMAT = "dwarf-with-dsym";
				ENABLE_NS_ASSERTIONS = NO;
				ENABLE_STRICT_OBJC_MSGSEND = YES;
				GCC_C_LANGUAGE_STANDARD = gnu11;
				GCC_NO_COMMON_BLOCKS = YES;
				GCC_PREPROCESSOR_DEFINITIONS = (
					"COCOAPODS=1",
					"$(inherited)",
					"PB_FIELD_32BIT=1",
					"PB_NO_PACKED_STRUCTS=1",
					"PB_ENABLE_MALLOC=1",
				);
				GCC_WARN_64_TO_32_BIT_CONVERSION = YES;
				GCC_WARN_ABOUT_RETURN_TYPE = YES_ERROR;
				GCC_WARN_UNDECLARED_SELECTOR = YES;
				GCC_WARN_UNINITIALIZED_AUTOS = YES_AGGRESSIVE;
				GCC_WARN_UNUSED_FUNCTION = YES;
				GCC_WARN_UNUSED_VARIABLE = YES;
				IPHONEOS_DEPLOYMENT_TARGET = 11.0;
				MTL_ENABLE_DEBUG_INFO = NO;
				MTL_FAST_MATH = YES;
				ONLY_ACTIVE_ARCH = YES;
				SDKROOT = iphoneos;
				SWIFT_COMPILATION_MODE = wholemodule;
				SWIFT_OPTIMIZATION_LEVEL = "-O";
				VALIDATE_PRODUCT = YES;
			};
			name = Release;
		};
		597FBF9423FB214D00314FF2 /* Debug */ = {
			isa = XCBuildConfiguration;
			baseConfigurationReference = 597FBF9E23FB316900314FF2 /* Debug.xcconfig */;
			buildSettings = {
				ASSETCATALOG_COMPILER_APPICON_NAME = AppIconDebug;
				CODE_SIGN_IDENTITY = "Apple Development";
				CODE_SIGN_STYLE = Automatic;
				DEVELOPMENT_TEAM = H5WS732HQD;
				INFOPLIST_FILE = "$(SRCROOT)/TFS Chat/Info.plist";
				IPHONEOS_DEPLOYMENT_TARGET = 11.0;
				LD_RUNPATH_SEARCH_PATHS = (
					"$(inherited)",
					"@executable_path/Frameworks",
				);
				PRODUCT_BUNDLE_IDENTIFIER = ru.tcsbank.TinkoffChat;
				PRODUCT_NAME = "Tinkoff Chat";
				PROVISIONING_PROFILE_SPECIFIER = "";
				SWIFT_VERSION = 5.0;
				TARGETED_DEVICE_FAMILY = 1;
			};
			name = Debug;
		};
		597FBF9523FB214D00314FF2 /* Release */ = {
			isa = XCBuildConfiguration;
			baseConfigurationReference = 597FBFA023FB32F500314FF2 /* Release.xcconfig */;
			buildSettings = {
				ASSETCATALOG_COMPILER_APPICON_NAME = AppIcon;
				CODE_SIGN_STYLE = Automatic;
				DEVELOPMENT_TEAM = H5WS732HQD;
				INFOPLIST_FILE = "$(SRCROOT)/TFS Chat/Info.plist";
				IPHONEOS_DEPLOYMENT_TARGET = 11.0;
				LD_RUNPATH_SEARCH_PATHS = (
					"$(inherited)",
					"@executable_path/Frameworks",
				);
				PRODUCT_BUNDLE_IDENTIFIER = ru.tcsbank.TinkoffChat;
				PRODUCT_NAME = "Tinkoff Chat";
				SWIFT_VERSION = 5.0;
				TARGETED_DEVICE_FAMILY = 1;
			};
			name = Release;
		};
/* End XCBuildConfiguration section */

/* Begin XCConfigurationList section */
		597FBF7A23FB214800314FF2 /* Build configuration list for PBXProject "TFS Chat" */ = {
			isa = XCConfigurationList;
			buildConfigurations = (
				597FBF9123FB214D00314FF2 /* Debug */,
				597FBF9223FB214D00314FF2 /* Release */,
			);
			defaultConfigurationIsVisible = 0;
			defaultConfigurationName = Debug;
		};
		597FBF9323FB214D00314FF2 /* Build configuration list for PBXNativeTarget "TFS Chat" */ = {
			isa = XCConfigurationList;
			buildConfigurations = (
				597FBF9423FB214D00314FF2 /* Debug */,
				597FBF9523FB214D00314FF2 /* Release */,
			);
			defaultConfigurationIsVisible = 0;
			defaultConfigurationName = Debug;
		};
/* End XCConfigurationList section */
	};
	rootObject = 597FBF7723FB214800314FF2 /* Project object */;
}
